
Microsoft Visual Studio Solution File, Format Version 12.00
# Visual Studio Version 17
VisualStudioVersion = 17.12.35506.116
MinimumVisualStudioVersion = 10.0.40219.1
Project("{2150E333-8FDC-42A3-9474-1A3956D46DE8}") = "src", "src", "{7A8768FC-7ECC-4612-BB57-C5694CAB61A6}"
EndProject
Project("{2150E333-8FDC-42A3-9474-1A3956D46DE8}") = "01-Domain", "01-Domain", "{6CF85088-8280-4433-B2BC-1B9CF9DB73DE}"
EndProject
Project("{2150E333-8FDC-42A3-9474-1A3956D46DE8}") = "Core", "Core", "{863E010F-4107-4C97-96FF-DE982A8C5DFF}"
EndProject
Project("{FAE04EC0-301F-11D3-BF4B-00C04F79EFBC}") = "App.Domain.Core", "App.Domain.Core\App.Domain.Core.csproj", "{4DD3A390-7C42-459E-B6DF-D1E3B64C7CBB}"
EndProject
Project("{2150E333-8FDC-42A3-9474-1A3956D46DE8}") = "02-InfraStructure", "02-InfraStructure", "{7D6BE999-9AF7-486A-A9CD-98D54555D9BF}"
EndProject
Project("{2150E333-8FDC-42A3-9474-1A3956D46DE8}") = "DataAccess", "DataAccess", "{E68719EF-A740-496F-968F-A7B2A800CF6E}"
EndProject
Project("{2150E333-8FDC-42A3-9474-1A3956D46DE8}") = "Db", "Db", "{D90F029D-5D1C-4A9A-9457-337C2ADEE1F6}"
EndProject
Project("{FAE04EC0-301F-11D3-BF4B-00C04F79EFBC}") = "App.Infra.Data.SqlService.Ef", "App.Infra.Data.SqlService.Ef\App.Infra.Data.SqlService.Ef.csproj", "{5E4C2BEF-64ED-445E-A317-40AC0F21E9E7}"
EndProject
Project("{2150E333-8FDC-42A3-9474-1A3956D46DE8}") = "03-EndPoints", "03-EndPoints", "{E6456D71-4081-43A9-83C1-5789EC965598}"
EndProject
Project("{FAE04EC0-301F-11D3-BF4B-00C04F79EFBC}") = "MVCApp.EndPoints", "MVCApp.EndPoints\MVCApp.EndPoints.csproj", "{DAFB60C3-9CDF-4611-889F-0B4ED073A531}"
EndProject
Project("{FAE04EC0-301F-11D3-BF4B-00C04F79EFBC}") = "App.Infra.DataAccess.EF", "App.Infra.DataAccess.EF\App.Infra.DataAccess.EF.csproj", "{B2010770-D900-481E-8937-7976D8D5CD96}"
EndProject
Project("{2150E333-8FDC-42A3-9474-1A3956D46DE8}") = "Services", "Services", "{E9CF7461-3554-44E4-8233-D0B50CE231F1}"
EndProject
Project("{FAE04EC0-301F-11D3-BF4B-00C04F79EFBC}") = "App.Domain.Services", "App.Domain.Services\App.Domain.Services.csproj", "{253F68D6-D7AB-40AC-B029-EC0EFA1BF219}"
EndProject
Project("{FAE04EC0-301F-11D3-BF4B-00C04F79EFBC}") = "App.Domain.Services.AppServices", "App.Domain.AppServices\App.Domain.Services.AppServices.csproj", "{A46F1314-B681-4F0E-918A-3B67B8E9A979}"
EndProject
Global
	GlobalSection(SolutionConfigurationPlatforms) = preSolution
		Debug|Any CPU = Debug|Any CPU
		Release|Any CPU = Release|Any CPU
	EndGlobalSection
	GlobalSection(ProjectConfigurationPlatforms) = postSolution
		{4DD3A390-7C42-459E-B6DF-D1E3B64C7CBB}.Debug|Any CPU.ActiveCfg = Debug|Any CPU
		{4DD3A390-7C42-459E-B6DF-D1E3B64C7CBB}.Debug|Any CPU.Build.0 = Debug|Any CPU
		{4DD3A390-7C42-459E-B6DF-D1E3B64C7CBB}.Release|Any CPU.ActiveCfg = Release|Any CPU
		{4DD3A390-7C42-459E-B6DF-D1E3B64C7CBB}.Release|Any CPU.Build.0 = Release|Any CPU
		{5E4C2BEF-64ED-445E-A317-40AC0F21E9E7}.Debug|Any CPU.ActiveCfg = Debug|Any CPU
		{5E4C2BEF-64ED-445E-A317-40AC0F21E9E7}.Debug|Any CPU.Build.0 = Debug|Any CPU
		{5E4C2BEF-64ED-445E-A317-40AC0F21E9E7}.Release|Any CPU.ActiveCfg = Release|Any CPU
		{5E4C2BEF-64ED-445E-A317-40AC0F21E9E7}.Release|Any CPU.Build.0 = Release|Any CPU
		{DAFB60C3-9CDF-4611-889F-0B4ED073A531}.Debug|Any CPU.ActiveCfg = Debug|Any CPU
		{DAFB60C3-9CDF-4611-889F-0B4ED073A531}.Debug|Any CPU.Build.0 = Debug|Any CPU
		{DAFB60C3-9CDF-4611-889F-0B4ED073A531}.Release|Any CPU.ActiveCfg = Release|Any CPU
		{DAFB60C3-9CDF-4611-889F-0B4ED073A531}.Release|Any CPU.Build.0 = Release|Any CPU
		{B2010770-D900-481E-8937-7976D8D5CD96}.Debug|Any CPU.ActiveCfg = Debug|Any CPU
		{B2010770-D900-481E-8937-7976D8D5CD96}.Debug|Any CPU.Build.0 = Debug|Any CPU
		{B2010770-D900-481E-8937-7976D8D5CD96}.Release|Any CPU.ActiveCfg = Release|Any CPU
		{B2010770-D900-481E-8937-7976D8D5CD96}.Release|Any CPU.Build.0 = Release|Any CPU
		{253F68D6-D7AB-40AC-B029-EC0EFA1BF219}.Debug|Any CPU.ActiveCfg = Debug|Any CPU
		{253F68D6-D7AB-40AC-B029-EC0EFA1BF219}.Debug|Any CPU.Build.0 = Debug|Any CPU
		{253F68D6-D7AB-40AC-B029-EC0EFA1BF219}.Release|Any CPU.ActiveCfg = Release|Any CPU
		{253F68D6-D7AB-40AC-B029-EC0EFA1BF219}.Release|Any CPU.Build.0 = Release|Any CPU
		{A46F1314-B681-4F0E-918A-3B67B8E9A979}.Debug|Any CPU.ActiveCfg = Debug|Any CPU
		{A46F1314-B681-4F0E-918A-3B67B8E9A979}.Debug|Any CPU.Build.0 = Debug|Any CPU
		{A46F1314-B681-4F0E-918A-3B67B8E9A979}.Release|Any CPU.ActiveCfg = Release|Any CPU
		{A46F1314-B681-4F0E-918A-3B67B8E9A979}.Release|Any CPU.Build.0 = Release|Any CPU
	EndGlobalSection
	GlobalSection(SolutionProperties) = preSolution
		HideSolutionNode = FALSE
	EndGlobalSection
	GlobalSection(NestedProjects) = preSolution
		{6CF85088-8280-4433-B2BC-1B9CF9DB73DE} = {7A8768FC-7ECC-4612-BB57-C5694CAB61A6}
		{863E010F-4107-4C97-96FF-DE982A8C5DFF} = {6CF85088-8280-4433-B2BC-1B9CF9DB73DE}
		{4DD3A390-7C42-459E-B6DF-D1E3B64C7CBB} = {863E010F-4107-4C97-96FF-DE982A8C5DFF}
		{7D6BE999-9AF7-486A-A9CD-98D54555D9BF} = {7A8768FC-7ECC-4612-BB57-C5694CAB61A6}
		{E68719EF-A740-496F-968F-A7B2A800CF6E} = {7D6BE999-9AF7-486A-A9CD-98D54555D9BF}
		{D90F029D-5D1C-4A9A-9457-337C2ADEE1F6} = {7D6BE999-9AF7-486A-A9CD-98D54555D9BF}
		{5E4C2BEF-64ED-445E-A317-40AC0F21E9E7} = {D90F029D-5D1C-4A9A-9457-337C2ADEE1F6}
		{E6456D71-4081-43A9-83C1-5789EC965598} = {7A8768FC-7ECC-4612-BB57-C5694CAB61A6}
		{DAFB60C3-9CDF-4611-889F-0B4ED073A531} = {E6456D71-4081-43A9-83C1-5789EC965598}
		{B2010770-D900-481E-8937-7976D8D5CD96} = {E68719EF-A740-496F-968F-A7B2A800CF6E}
		{E9CF7461-3554-44E4-8233-D0B50CE231F1} = {6CF85088-8280-4433-B2BC-1B9CF9DB73DE}
		{253F68D6-D7AB-40AC-B029-EC0EFA1BF219} = {E9CF7461-3554-44E4-8233-D0B50CE231F1}
		{A46F1314-B681-4F0E-918A-3B67B8E9A979} = {E9CF7461-3554-44E4-8233-D0B50CE231F1}
	EndGlobalSection
EndGlobal
